
Microsoft Visual Studio Solution File, Format Version 12.00
# Visual Studio Version 17
VisualStudioVersion = 17.13.35931.197 d17.13
MinimumVisualStudioVersion = 10.0.40219.1
Project("{FAE04EC0-301F-11D3-BF4B-00C04F79EFBC}") = "Vkllesson09", "Vkllesson09.csproj", "{D4E1CC55-0D71-4DFA-A67A-8395D6F5C61F}"
EndProject
Global
	GlobalSection(SolutionConfigurationPlatforms) = preSolution
		Debug|Any CPU = Debug|Any CPU
		Release|Any CPU = Release|Any CPU
	EndGlobalSection
	GlobalSection(ProjectConfigurationPlatforms) = postSolution
		{D4E1CC55-0D71-4DFA-A67A-8395D6F5C61F}.Debug|Any CPU.ActiveCfg = Debug|Any CPU
		{D4E1CC55-0D71-4DFA-A67A-8395D6F5C61F}.Debug|Any CPU.Build.0 = Debug|Any CPU
		{D4E1CC55-0D71-4DFA-A67A-8395D6F5C61F}.Release|Any CPU.ActiveCfg = Release|Any CPU
		{D4E1CC55-0D71-4DFA-A67A-8395D6F5C61F}.Release|Any CPU.Build.0 = Release|Any CPU
	EndGlobalSection
	GlobalSection(SolutionProperties) = preSolution
		HideSolutionNode = FALSE
	EndGlobalSection
	GlobalSection(ExtensibilityGlobals) = postSolution
		SolutionGuid = {DAC1C244-C523-40EC-9D01-0AE3E3FC277A}
	EndGlobalSection
EndGlobal
