
Microsoft Visual Studio Solution File, Format Version 12.00
# Visual Studio Version 17
VisualStudioVersion = 17.13.35931.197 d17.13
MinimumVisualStudioVersion = 10.0.40219.1
Project("{FAE04EC0-301F-11D3-BF4B-00C04F79EFBC}") = "Vkllesson04", "Vkllesson04.csproj", "{87908A69-6C42-4FDD-9419-A3AFD807DA1D}"
EndProject
Global
	GlobalSection(SolutionConfigurationPlatforms) = preSolution
		Debug|Any CPU = Debug|Any CPU
		Release|Any CPU = Release|Any CPU
	EndGlobalSection
	GlobalSection(ProjectConfigurationPlatforms) = postSolution
		{87908A69-6C42-4FDD-9419-A3AFD807DA1D}.Debug|Any CPU.ActiveCfg = Debug|Any CPU
		{87908A69-6C42-4FDD-9419-A3AFD807DA1D}.Debug|Any CPU.Build.0 = Debug|Any CPU
		{87908A69-6C42-4FDD-9419-A3AFD807DA1D}.Release|Any CPU.ActiveCfg = Release|Any CPU
		{87908A69-6C42-4FDD-9419-A3AFD807DA1D}.Release|Any CPU.Build.0 = Release|Any CPU
	EndGlobalSection
	GlobalSection(SolutionProperties) = preSolution
		HideSolutionNode = FALSE
	EndGlobalSection
	GlobalSection(ExtensibilityGlobals) = postSolution
		SolutionGuid = {7FFE6120-49C8-487C-A6DD-80E89F7BE2AF}
	EndGlobalSection
EndGlobal
