
Microsoft Visual Studio Solution File, Format Version 12.00
# Visual Studio Version 17
VisualStudioVersion = 17.13.35931.197 d17.13
MinimumVisualStudioVersion = 10.0.40219.1
Project("{FAE04EC0-301F-11D3-BF4B-00C04F79EFBC}") = "vkl.leson01", "vkl.leson01.csproj", "{21C73584-FDFB-442C-AC52-3E532A213F5D}"
EndProject
Project("{FAE04EC0-301F-11D3-BF4B-00C04F79EFBC}") = "MYAPPVKL", "..\MYAPPVKL\MYAPPVKL.csproj", "{C73F429A-F86D-4C09-BB7A-786C589A74FB}"
EndProject
Global
	GlobalSection(SolutionConfigurationPlatforms) = preSolution
		Debug|Any CPU = Debug|Any CPU
		Release|Any CPU = Release|Any CPU
	EndGlobalSection
	GlobalSection(ProjectConfigurationPlatforms) = postSolution
		{21C73584-FDFB-442C-AC52-3E532A213F5D}.Debug|Any CPU.ActiveCfg = Debug|Any CPU
		{21C73584-FDFB-442C-AC52-3E532A213F5D}.Debug|Any CPU.Build.0 = Debug|Any CPU
		{21C73584-FDFB-442C-AC52-3E532A213F5D}.Release|Any CPU.ActiveCfg = Release|Any CPU
		{21C73584-FDFB-442C-AC52-3E532A213F5D}.Release|Any CPU.Build.0 = Release|Any CPU
		{C73F429A-F86D-4C09-BB7A-786C589A74FB}.Debug|Any CPU.ActiveCfg = Debug|Any CPU
		{C73F429A-F86D-4C09-BB7A-786C589A74FB}.Debug|Any CPU.Build.0 = Debug|Any CPU
		{C73F429A-F86D-4C09-BB7A-786C589A74FB}.Release|Any CPU.ActiveCfg = Release|Any CPU
		{C73F429A-F86D-4C09-BB7A-786C589A74FB}.Release|Any CPU.Build.0 = Release|Any CPU
	EndGlobalSection
	GlobalSection(SolutionProperties) = preSolution
		HideSolutionNode = FALSE
	EndGlobalSection
	GlobalSection(ExtensibilityGlobals) = postSolution
		SolutionGuid = {61EFB96D-A062-4627-9101-10B58259D217}
	EndGlobalSection
EndGlobal
