
Microsoft Visual Studio Solution File, Format Version 12.00
# Visual Studio Version 17
VisualStudioVersion = 17.13.35931.197 d17.13
MinimumVisualStudioVersion = 10.0.40219.1
Project("{FAE04EC0-301F-11D3-BF4B-00C04F79EFBC}") = "VklLesson03", "VklLesson03.csproj", "{31FACC70-145B-4BA4-886F-A6A3F23E436F}"
EndProject
Global
	GlobalSection(SolutionConfigurationPlatforms) = preSolution
		Debug|Any CPU = Debug|Any CPU
		Release|Any CPU = Release|Any CPU
	EndGlobalSection
	GlobalSection(ProjectConfigurationPlatforms) = postSolution
		{31FACC70-145B-4BA4-886F-A6A3F23E436F}.Debug|Any CPU.ActiveCfg = Debug|Any CPU
		{31FACC70-145B-4BA4-886F-A6A3F23E436F}.Debug|Any CPU.Build.0 = Debug|Any CPU
		{31FACC70-145B-4BA4-886F-A6A3F23E436F}.Release|Any CPU.ActiveCfg = Release|Any CPU
		{31FACC70-145B-4BA4-886F-A6A3F23E436F}.Release|Any CPU.Build.0 = Release|Any CPU
	EndGlobalSection
	GlobalSection(SolutionProperties) = preSolution
		HideSolutionNode = FALSE
	EndGlobalSection
	GlobalSection(ExtensibilityGlobals) = postSolution
		SolutionGuid = {63453944-10D7-4EC5-AE4B-7D0C616FF818}
	EndGlobalSection
EndGlobal
