
Microsoft Visual Studio Solution File, Format Version 12.00
# Visual Studio Version 17
VisualStudioVersion = 17.13.35931.197 d17.13
MinimumVisualStudioVersion = 10.0.40219.1
Project("{FAE04EC0-301F-11D3-BF4B-00C04F79EFBC}") = "Vkllesson07", "Vkllesson07.csproj", "{14EE7AA0-50ED-4207-816E-23E450DBE432}"
EndProject
Global
	GlobalSection(SolutionConfigurationPlatforms) = preSolution
		Debug|Any CPU = Debug|Any CPU
		Release|Any CPU = Release|Any CPU
	EndGlobalSection
	GlobalSection(ProjectConfigurationPlatforms) = postSolution
		{14EE7AA0-50ED-4207-816E-23E450DBE432}.Debug|Any CPU.ActiveCfg = Debug|Any CPU
		{14EE7AA0-50ED-4207-816E-23E450DBE432}.Debug|Any CPU.Build.0 = Debug|Any CPU
		{14EE7AA0-50ED-4207-816E-23E450DBE432}.Release|Any CPU.ActiveCfg = Release|Any CPU
		{14EE7AA0-50ED-4207-816E-23E450DBE432}.Release|Any CPU.Build.0 = Release|Any CPU
	EndGlobalSection
	GlobalSection(SolutionProperties) = preSolution
		HideSolutionNode = FALSE
	EndGlobalSection
	GlobalSection(ExtensibilityGlobals) = postSolution
		SolutionGuid = {80CB424A-2687-4ADA-A559-539AF43DF6C2}
	EndGlobalSection
EndGlobal
